// !$*UTF8*$!
{
	archiveVersion = 1;
	classes = {
	};
	objectVersion = 50;
	objects = {

/* Begin PBXBuildFile section */
		7F2DCDD9241D7A9000AB0D42 /* AppDelegate.swift in Sources */ = {isa = PBXBuildFile; fileRef = 7F2DCDD8241D7A9000AB0D42 /* AppDelegate.swift */; };
		7F2DCDDB241D7A9000AB0D42 /* ViewController.swift in Sources */ = {isa = PBXBuildFile; fileRef = 7F2DCDDA241D7A9000AB0D42 /* ViewController.swift */; };
		7F2DCDDD241D7A9200AB0D42 /* Assets.xcassets in Resources */ = {isa = PBXBuildFile; fileRef = 7F2DCDDC241D7A9200AB0D42 /* Assets.xcassets */; };
		7F2DCDE0241D7A9200AB0D42 /* Main.storyboard in Resources */ = {isa = PBXBuildFile; fileRef = 7F2DCDDE241D7A9200AB0D42 /* Main.storyboard */; };
		7F2DCDE9241D865A00AB0D42 /* MenuTimer.swift in Sources */ = {isa = PBXBuildFile; fileRef = 7F2DCDE8241D865A00AB0D42 /* MenuTimer.swift */; };
		7F2DCDEB241D8DB700AB0D42 /* StatusMenu.swift in Sources */ = {isa = PBXBuildFile; fileRef = 7F2DCDEA241D8DB700AB0D42 /* StatusMenu.swift */; };
		7F5A3086241DBAED002E299B /* Screenshot.png in Resources */ = {isa = PBXBuildFile; fileRef = 7F5A3085241DBAED002E299B /* Screenshot.png */; };
/* End PBXBuildFile section */

/* Begin PBXFileReference section */
		7F2DCDD5241D7A9000AB0D42 /* MenuBarTimer.app */ = {isa = PBXFileReference; explicitFileType = wrapper.application; includeInIndex = 0; path = MenuBarTimer.app; sourceTree = BUILT_PRODUCTS_DIR; };
		7F2DCDD8241D7A9000AB0D42 /* AppDelegate.swift */ = {isa = PBXFileReference; lastKnownFileType = sourcecode.swift; path = AppDelegate.swift; sourceTree = "<group>"; };
		7F2DCDDA241D7A9000AB0D42 /* ViewController.swift */ = {isa = PBXFileReference; lastKnownFileType = sourcecode.swift; path = ViewController.swift; sourceTree = "<group>"; };
		7F2DCDDC241D7A9200AB0D42 /* Assets.xcassets */ = {isa = PBXFileReference; lastKnownFileType = folder.assetcatalog; path = Assets.xcassets; sourceTree = "<group>"; };
		7F2DCDDF241D7A9200AB0D42 /* Base */ = {isa = PBXFileReference; lastKnownFileType = file.storyboard; name = Base; path = Base.lproj/Main.storyboard; sourceTree = "<group>"; };
		7F2DCDE1241D7A9200AB0D42 /* Info.plist */ = {isa = PBXFileReference; lastKnownFileType = text.plist.xml; path = Info.plist; sourceTree = "<group>"; };
		7F2DCDE2241D7A9200AB0D42 /* MenuBarTimer.entitlements */ = {isa = PBXFileReference; lastKnownFileType = text.plist.entitlements; path = MenuBarTimer.entitlements; sourceTree = "<group>"; };
		7F2DCDE8241D865A00AB0D42 /* MenuTimer.swift */ = {isa = PBXFileReference; lastKnownFileType = sourcecode.swift; path = MenuTimer.swift; sourceTree = "<group>"; };
		7F2DCDEA241D8DB700AB0D42 /* StatusMenu.swift */ = {isa = PBXFileReference; lastKnownFileType = sourcecode.swift; path = StatusMenu.swift; sourceTree = "<group>"; };
		7F5A3085241DBAED002E299B /* Screenshot.png */ = {isa = PBXFileReference; lastKnownFileType = image.png; path = Screenshot.png; sourceTree = "<group>"; };
/* End PBXFileReference section */

/* Begin PBXFrameworksBuildPhase section */
		7F2DCDD2241D7A9000AB0D42 /* Frameworks */ = {
			isa = PBXFrameworksBuildPhase;
			buildActionMask = 2147483647;
			files = (
			);
			runOnlyForDeploymentPostprocessing = 0;
		};
/* End PBXFrameworksBuildPhase section */

/* Begin PBXGroup section */
		7F2DCDCC241D7A9000AB0D42 = {
			isa = PBXGroup;
			children = (
				7F5A3084241DBADB002E299B /* Stuff */,
				7F2DCDD7241D7A9000AB0D42 /* MenuBarTimer */,
				7F2DCDD6241D7A9000AB0D42 /* Products */,
			);
			sourceTree = "<group>";
		};
		7F2DCDD6241D7A9000AB0D42 /* Products */ = {
			isa = PBXGroup;
			children = (
				7F2DCDD5241D7A9000AB0D42 /* MenuBarTimer.app */,
			);
			name = Products;
			sourceTree = "<group>";
		};
		7F2DCDD7241D7A9000AB0D42 /* MenuBarTimer */ = {
			isa = PBXGroup;
			children = (
				7F2DCDD8241D7A9000AB0D42 /* AppDelegate.swift */,
				7F2DCDEA241D8DB700AB0D42 /* StatusMenu.swift */,
				7F2DCDDA241D7A9000AB0D42 /* ViewController.swift */,
				7F2DCDE8241D865A00AB0D42 /* MenuTimer.swift */,
				7F2DCDDC241D7A9200AB0D42 /* Assets.xcassets */,
				7F2DCDDE241D7A9200AB0D42 /* Main.storyboard */,
				7F2DCDE1241D7A9200AB0D42 /* Info.plist */,
				7F2DCDE2241D7A9200AB0D42 /* MenuBarTimer.entitlements */,
			);
			path = MenuBarTimer;
			sourceTree = "<group>";
		};
		7F5A3084241DBADB002E299B /* Stuff */ = {
			isa = PBXGroup;
			children = (
				7F5A3085241DBAED002E299B /* Screenshot.png */,
			);
			path = Stuff;
			sourceTree = "<group>";
		};
/* End PBXGroup section */

/* Begin PBXNativeTarget section */
		7F2DCDD4241D7A9000AB0D42 /* MenuBarTimer */ = {
			isa = PBXNativeTarget;
			buildConfigurationList = 7F2DCDE5241D7A9200AB0D42 /* Build configuration list for PBXNativeTarget "MenuBarTimer" */;
			buildPhases = (
				7F2DCDD1241D7A9000AB0D42 /* Sources */,
				7F2DCDD2241D7A9000AB0D42 /* Frameworks */,
				7F2DCDD3241D7A9000AB0D42 /* Resources */,
			);
			buildRules = (
			);
			dependencies = (
			);
			name = MenuBarTimer;
			productName = MenuBarTimer;
			productReference = 7F2DCDD5241D7A9000AB0D42 /* MenuBarTimer.app */;
			productType = "com.apple.product-type.application";
		};
/* End PBXNativeTarget section */

/* Begin PBXProject section */
		7F2DCDCD241D7A9000AB0D42 /* Project object */ = {
			isa = PBXProject;
			attributes = {
				LastSwiftUpdateCheck = 1130;
				LastUpgradeCheck = 1130;
				ORGANIZATIONNAME = "Gonzalo Rodríguez";
				TargetAttributes = {
					7F2DCDD4241D7A9000AB0D42 = {
						CreatedOnToolsVersion = 11.3.1;
					};
				};
			};
			buildConfigurationList = 7F2DCDD0241D7A9000AB0D42 /* Build configuration list for PBXProject "MenuBarTimer" */;
			compatibilityVersion = "Xcode 9.3";
			developmentRegion = en;
			hasScannedForEncodings = 0;
			knownRegions = (
				en,
				Base,
			);
			mainGroup = 7F2DCDCC241D7A9000AB0D42;
			productRefGroup = 7F2DCDD6241D7A9000AB0D42 /* Products */;
			projectDirPath = "";
			projectRoot = "";
			targets = (
				7F2DCDD4241D7A9000AB0D42 /* MenuBarTimer */,
			);
		};
/* End PBXProject section */

/* Begin PBXResourcesBuildPhase section */
		7F2DCDD3241D7A9000AB0D42 /* Resources */ = {
			isa = PBXResourcesBuildPhase;
			buildActionMask = 2147483647;
			files = (
				7F2DCDDD241D7A9200AB0D42 /* Assets.xcassets in Resources */,
				7F5A3086241DBAED002E299B /* Screenshot.png in Resources */,
				7F2DCDE0241D7A9200AB0D42 /* Main.storyboard in Resources */,
			);
			runOnlyForDeploymentPostprocessing = 0;
		};
/* End PBXResourcesBuildPhase section */

/* Begin PBXSourcesBuildPhase section */
		7F2DCDD1241D7A9000AB0D42 /* Sources */ = {
			isa = PBXSourcesBuildPhase;
			buildActionMask = 2147483647;
			files = (
				7F2DCDEB241D8DB700AB0D42 /* StatusMenu.swift in Sources */,
				7F2DCDE9241D865A00AB0D42 /* MenuTimer.swift in Sources */,
				7F2DCDDB241D7A9000AB0D42 /* ViewController.swift in Sources */,
				7F2DCDD9241D7A9000AB0D42 /* AppDelegate.swift in Sources */,
			);
			runOnlyForDeploymentPostprocessing = 0;
		};
/* End PBXSourcesBuildPhase section */

/* Begin PBXVariantGroup section */
		7F2DCDDE241D7A9200AB0D42 /* Main.storyboard */ = {
			isa = PBXVariantGroup;
			children = (
				7F2DCDDF241D7A9200AB0D42 /* Base */,
			);
			name = Main.storyboard;
			sourceTree = "<group>";
		};
/* End PBXVariantGroup section */

/* Begin XCBuildConfiguration section */
		7F2DCDE3241D7A9200AB0D42 /* Debug */ = {
			isa = XCBuildConfiguration;
			buildSettings = {
				ALWAYS_SEARCH_USER_PATHS = NO;
				CLANG_ANALYZER_NONNULL = YES;
				CLANG_ANALYZER_NUMBER_OBJECT_CONVERSION = YES_AGGRESSIVE;
				CLANG_CXX_LANGUAGE_STANDARD = "gnu++14";
				CLANG_CXX_LIBRARY = "libc++";
				CLANG_ENABLE_MODULES = YES;
				CLANG_ENABLE_OBJC_ARC = YES;
				CLANG_ENABLE_OBJC_WEAK = YES;
				CLANG_WARN_BLOCK_CAPTURE_AUTORELEASING = YES;
				CLANG_WARN_BOOL_CONVERSION = YES;
				CLANG_WARN_COMMA = YES;
				CLANG_WARN_CONSTANT_CONVERSION = YES;
				CLANG_WARN_DEPRECATED_OBJC_IMPLEMENTATIONS = YES;
				CLANG_WARN_DIRECT_OBJC_ISA_USAGE = YES_ERROR;
				CLANG_WARN_DOCUMENTATION_COMMENTS = YES;
				CLANG_WARN_EMPTY_BODY = YES;
				CLANG_WARN_ENUM_CONVERSION = YES;
				CLANG_WARN_INFINITE_RECURSION = YES;
				CLANG_WARN_INT_CONVERSION = YES;
				CLANG_WARN_NON_LITERAL_NULL_CONVERSION = YES;
				CLANG_WARN_OBJC_IMPLICIT_RETAIN_SELF = YES;
				CLANG_WARN_OBJC_LITERAL_CONVERSION = YES;
				CLANG_WARN_OBJC_ROOT_CLASS = YES_ERROR;
				CLANG_WARN_RANGE_LOOP_ANALYSIS = YES;
				CLANG_WARN_STRICT_PROTOTYPES = YES;
				CLANG_WARN_SUSPICIOUS_MOVE = YES;
				CLANG_WARN_UNGUARDED_AVAILABILITY = YES_AGGRESSIVE;
				CLANG_WARN_UNREACHABLE_CODE = YES;
				CLANG_WARN__DUPLICATE_METHOD_MATCH = YES;
				COPY_PHASE_STRIP = NO;
				DEBUG_INFORMATION_FORMAT = dwarf;
				ENABLE_STRICT_OBJC_MSGSEND = YES;
				ENABLE_TESTABILITY = YES;
				GCC_C_LANGUAGE_STANDARD = gnu11;
				GCC_DYNAMIC_NO_PIC = NO;
				GCC_NO_COMMON_BLOCKS = YES;
				GCC_OPTIMIZATION_LEVEL = 0;
				GCC_PREPROCESSOR_DEFINITIONS = (
					"DEBUG=1",
					"$(inherited)",
				);
				GCC_WARN_64_TO_32_BIT_CONVERSION = YES;
				GCC_WARN_ABOUT_RETURN_TYPE = YES_ERROR;
				GCC_WARN_UNDECLARED_SELECTOR = YES;
				GCC_WARN_UNINITIALIZED_AUTOS = YES_AGGRESSIVE;
				GCC_WARN_UNUSED_FUNCTION = YES;
				GCC_WARN_UNUSED_VARIABLE = YES;
				MACOSX_DEPLOYMENT_TARGET = 10.15;
				MTL_ENABLE_DEBUG_INFO = INCLUDE_SOURCE;
				MTL_FAST_MATH = YES;
				ONLY_ACTIVE_ARCH = YES;
				SDKROOT = macosx;
				SWIFT_ACTIVE_COMPILATION_CONDITIONS = DEBUG;
				SWIFT_OPTIMIZATION_LEVEL = "-Onone";
			};
			name = Debug;
		};
		7F2DCDE4241D7A9200AB0D42 /* Release */ = {
			isa = XCBuildConfiguration;
			buildSettings = {
				ALWAYS_SEARCH_USER_PATHS = NO;
				CLANG_ANALYZER_NONNULL = YES;
				CLANG_ANALYZER_NUMBER_OBJECT_CONVERSION = YES_AGGRESSIVE;
				CLANG_CXX_LANGUAGE_STANDARD = "gnu++14";
				CLANG_CXX_LIBRARY = "libc++";
				CLANG_ENABLE_MODULES = YES;
				CLANG_ENABLE_OBJC_ARC = YES;
				CLANG_ENABLE_OBJC_WEAK = YES;
				CLANG_WARN_BLOCK_CAPTURE_AUTORELEASING = YES;
				CLANG_WARN_BOOL_CONVERSION = YES;
				CLANG_WARN_COMMA = YES;
				CLANG_WARN_CONSTANT_CONVERSION = YES;
				CLANG_WARN_DEPRECATED_OBJC_IMPLEMENTATIONS = YES;
				CLANG_WARN_DIRECT_OBJC_ISA_USAGE = YES_ERROR;
				CLANG_WARN_DOCUMENTATION_COMMENTS = YES;
				CLANG_WARN_EMPTY_BODY = YES;
				CLANG_WARN_ENUM_CONVERSION = YES;
				CLANG_WARN_INFINITE_RECURSION = YES;
				CLANG_WARN_INT_CONVERSION = YES;
				CLANG_WARN_NON_LITERAL_NULL_CONVERSION = YES;
				CLANG_WARN_OBJC_IMPLICIT_RETAIN_SELF = YES;
				CLANG_WARN_OBJC_LITERAL_CONVERSION = YES;
				CLANG_WARN_OBJC_ROOT_CLASS = YES_ERROR;
				CLANG_WARN_RANGE_LOOP_ANALYSIS = YES;
				CLANG_WARN_STRICT_PROTOTYPES = YES;
				CLANG_WARN_SUSPICIOUS_MOVE = YES;
				CLANG_WARN_UNGUARDED_AVAILABILITY = YES_AGGRESSIVE;
				CLANG_WARN_UNREACHABLE_CODE = YES;
				CLANG_WARN__DUPLICATE_METHOD_MATCH = YES;
				COPY_PHASE_STRIP = NO;
				DEBUG_INFORMATION_FORMAT = "dwarf-with-dsym";
				ENABLE_NS_ASSERTIONS = NO;
				ENABLE_STRICT_OBJC_MSGSEND = YES;
				GCC_C_LANGUAGE_STANDARD = gnu11;
				GCC_NO_COMMON_BLOCKS = YES;
				GCC_WARN_64_TO_32_BIT_CONVERSION = YES;
				GCC_WARN_ABOUT_RETURN_TYPE = YES_ERROR;
				GCC_WARN_UNDECLARED_SELECTOR = YES;
				GCC_WARN_UNINITIALIZED_AUTOS = YES_AGGRESSIVE;
				GCC_WARN_UNUSED_FUNCTION = YES;
				GCC_WARN_UNUSED_VARIABLE = YES;
				MACOSX_DEPLOYMENT_TARGET = 10.15;
				MTL_ENABLE_DEBUG_INFO = NO;
				MTL_FAST_MATH = YES;
				SDKROOT = macosx;
				SWIFT_COMPILATION_MODE = wholemodule;
				SWIFT_OPTIMIZATION_LEVEL = "-O";
			};
			name = Release;
		};
		7F2DCDE6241D7A9200AB0D42 /* Debug */ = {
			isa = XCBuildConfiguration;
			buildSettings = {
				ASSETCATALOG_COMPILER_APPICON_NAME = AppIcon;
				CODE_SIGN_ENTITLEMENTS = MenuBarTimer/MenuBarTimer.entitlements;
				CODE_SIGN_STYLE = Automatic;
				COMBINE_HIDPI_IMAGES = YES;
				DEVELOPMENT_TEAM = UJCU5S73MA;
				ENABLE_HARDENED_RUNTIME = YES;
				INFOPLIST_FILE = MenuBarTimer/Info.plist;
				LD_RUNPATH_SEARCH_PATHS = (
					"$(inherited)",
					"@executable_path/../Frameworks",
				);
				PRODUCT_BUNDLE_IDENTIFIER = ch.gonza.MenuBarTimer;
				PRODUCT_NAME = "$(TARGET_NAME)";
				SWIFT_VERSION = 5.0;
			};
			name = Debug;
		};
		7F2DCDE7241D7A9200AB0D42 /* Release */ = {
			isa = XCBuildConfiguration;
			buildSettings = {
				ASSETCATALOG_COMPILER_APPICON_NAME = AppIcon;
				CODE_SIGN_ENTITLEMENTS = MenuBarTimer/MenuBarTimer.entitlements;
				CODE_SIGN_STYLE = Automatic;
				COMBINE_HIDPI_IMAGES = YES;
				DEVELOPMENT_TEAM = UJCU5S73MA;
				ENABLE_HARDENED_RUNTIME = YES;
				INFOPLIST_FILE = MenuBarTimer/Info.plist;
				LD_RUNPATH_SEARCH_PATHS = (
					"$(inherited)",
					"@executable_path/../Frameworks",
				);
				PRODUCT_BUNDLE_IDENTIFIER = ch.gonza.MenuBarTimer;
				PRODUCT_NAME = "$(TARGET_NAME)";
				SWIFT_VERSION = 5.0;
			};
			name = Release;
		};
/* End XCBuildConfiguration section */

/* Begin XCConfigurationList section */
		7F2DCDD0241D7A9000AB0D42 /* Build configuration list for PBXProject "MenuBarTimer" */ = {
			isa = XCConfigurationList;
			buildConfigurations = (
				7F2DCDE3241D7A9200AB0D42 /* Debug */,
				7F2DCDE4241D7A9200AB0D42 /* Release */,
			);
			defaultConfigurationIsVisible = 0;
			defaultConfigurationName = Release;
		};
		7F2DCDE5241D7A9200AB0D42 /* Build configuration list for PBXNativeTarget "MenuBarTimer" */ = {
			isa = XCConfigurationList;
			buildConfigurations = (
				7F2DCDE6241D7A9200AB0D42 /* Debug */,
				7F2DCDE7241D7A9200AB0D42 /* Release */,
			);
			defaultConfigurationIsVisible = 0;
			defaultConfigurationName = Release;
		};
/* End XCConfigurationList section */
	};
	rootObject = 7F2DCDCD241D7A9000AB0D42 /* Project object */;
}
